
Microsoft Visual Studio Solution File, Format Version 12.00
# Visual Studio Version 17
VisualStudioVersion = 17.6.33815.320
MinimumVisualStudioVersion = 10.0.40219.1
Project("{2150E333-8FDC-42A3-9474-1A3956D46DE8}") = "Solution Items", "Solution Items", "{A04699F9-E90E-45FE-B03B-B214DE346716}"
	ProjectSection(SolutionItems) = preProject
		HelloWorld.cpp = HelloWorld.cpp
	EndProjectSection
EndProject
Global
	GlobalSection(SolutionProperties) = preSolution
		HideSolutionNode = FALSE
	EndGlobalSection
	GlobalSection(ExtensibilityGlobals) = postSolution
		SolutionGuid = {F9AF2469-AFBA-4E3D-9463-9F0447C30E29}
	EndGlobalSection
EndGlobal
